
Microsoft Visual Studio Solution File, Format Version 12.00
# Visual Studio Version 17
VisualStudioVersion = 17.10.35013.160
MinimumVisualStudioVersion = 10.0.40219.1
Project("{2150E333-8FDC-42A3-9474-1A3956D46DE8}") = "Engine", "Engine", "{945B8402-BF7D-4256-9E7F-13B165E91E88}"
EndProject
Project("{2150E333-8FDC-42A3-9474-1A3956D46DE8}") = "Framework", "Framework", "{E17CDC26-091A-44AB-8E10-8057CE22D14B}"
EndProject
Project("{8BC9CEB8-8B4A-11D0-8D11-00A0C91BC942}") = "Core", "Framework\Core\Core.vcxproj", "{62356065-4409-457F-94A9-B62792F2EE5F}"
EndProject
Project("{2150E333-8FDC-42A3-9474-1A3956D46DE8}") = "VGP242", "VGP242", "{B7DD63C8-10B5-4319-B96A-BFA1FC662F1C}"
EndProject
Project("{8BC9CEB8-8B4A-11D0-8D11-00A0C91BC942}") = "01_HelloWindow", "VGP242\01_HelloWindow\01_HelloWindow.vcxproj", "{8D1B7B58-ABA3-48E8-80B5-E6F068DB35BD}"
EndProject
Project("{8BC9CEB8-8B4A-11D0-8D11-00A0C91BC942}") = "SumEngine", "Engine\SumEngine\SumEngine.vcxproj", "{4417114D-1C2A-41B3-AF15-92EBE2A6F0B6}"
EndProject
Project("{8BC9CEB8-8B4A-11D0-8D11-00A0C91BC942}") = "Graphics", "Framework\Graphics\Graphics.vcxproj", "{AED66E0A-E5FB-4475-B7CF-6467C38A00DA}"
EndProject
Project("{2150E333-8FDC-42A3-9474-1A3956D46DE8}") = "External", "External", "{47266500-C57E-4995-8455-CE9B6C3FC03E}"
EndProject
Project("{8BC9CEB8-8B4A-11D0-8D11-00A0C91BC942}") = "DirectXTK_Desktop_2019", "External\DirectXTK\DirectXTK_Desktop_2019.vcxproj", "{E0B52AE7-E160-4D32-BF3F-910B785E5A8E}"
EndProject
Project("{8BC9CEB8-8B4A-11D0-8D11-00A0C91BC942}") = "Math", "Framework\Math\Math.vcxproj", "{B3A64266-FC38-47FB-A462-8A94351400C8}"
EndProject
Project("{8BC9CEB8-8B4A-11D0-8D11-00A0C91BC942}") = "Input", "Framework\Input\Input.vcxproj", "{3629F01A-6FED-42EB-B308-E9F7F1346EAF}"
EndProject
Project("{8BC9CEB8-8B4A-11D0-8D11-00A0C91BC942}") = "02_HelloShapes", "VGP242\02_HelloShapes\02_HelloShapes.vcxproj", "{AF96A97A-EE1F-47FE-9EF0-FA8A023C24A2}"
EndProject
Project("{2150E333-8FDC-42A3-9474-1A3956D46DE8}") = "Assets", "Assets", "{D85C563C-7238-4146-8E65-D92A1A5D33BC}"
EndProject
Project("{2150E333-8FDC-42A3-9474-1A3956D46DE8}") = "Shaders", "Shaders", "{317F7CD6-1DEE-443B-A62D-912F66BC9C71}"
	ProjectSection(SolutionItems) = preProject
		Assets\Shaders\CelShading.fx = Assets\Shaders\CelShading.fx
		Assets\Shaders\DoColor.fx = Assets\Shaders\DoColor.fx
		Assets\Shaders\DoTexture.fx = Assets\Shaders\DoTexture.fx
		Assets\Shaders\DoTransform.fx = Assets\Shaders\DoTransform.fx
		Assets\Shaders\Particle.fx = Assets\Shaders\Particle.fx
		Assets\Shaders\PostProcessing.fx = Assets\Shaders\PostProcessing.fx
		Assets\Shaders\Shadow.fx = Assets\Shaders\Shadow.fx
		Assets\Shaders\Standard.fx = Assets\Shaders\Standard.fx
	EndProjectSection
EndProject
Project("{8BC9CEB8-8B4A-11D0-8D11-00A0C91BC942}") = "03_HelloCube", "VGP242\03_HelloCube\03_HelloCube.vcxproj", "{56CF17B9-41B9-4F63-9F19-7ED3C4F4B8E3}"
EndProject
Project("{8BC9CEB8-8B4A-11D0-8D11-00A0C91BC942}") = "04_HelloMeshBuilder", "VGP242\04_HelloMeshBuilder\04_HelloMeshBuilder.vcxproj", "{97CB4E83-70DB-46A4-B5A4-4737263B820C}"
EndProject
Project("{8BC9CEB8-8B4A-11D0-8D11-00A0C91BC942}") = "ImGui", "External\ImGui\ImGui.vcxproj", "{52D656A2-A2F4-4C54-A3C7-653427BED1E8}"
EndProject
Project("{8BC9CEB8-8B4A-11D0-8D11-00A0C91BC942}") = "05_HelloDebug", "VGP242\05_HelloDebug\05_HelloDebug.vcxproj", "{2EA02A25-0C44-4282-BE62-735D910FA003}"
EndProject
Project("{8BC9CEB8-8B4A-11D0-8D11-00A0C91BC942}") = "06_HelloSimpleDraw", "VGP242\06_HelloSimpleDraw\06_HelloSimpleDraw.vcxproj", "{95E36E07-3087-4C3F-A470-AF925F3FBA61}"
EndProject
Project("{2150E333-8FDC-42A3-9474-1A3956D46DE8}") = "VGP330", "VGP330", "{0B763641-67CD-4E8A-ACBC-01B78936856D}"
EndProject
Project("{8BC9CEB8-8B4A-11D0-8D11-00A0C91BC942}") = "10_HelloLighting", "VGP330\10_HelloLighting\10_HelloLighting.vcxproj", "{2AB8DEB0-5A26-48C5-8B28-0FFD9B565E58}"
EndProject
Project("{8BC9CEB8-8B4A-11D0-8D11-00A0C91BC942}") = "11_HelloCelShading", "VGP330\11_HelloCelShading\11_HelloCelShading.vcxproj", "{40DE83B7-AB83-4E68-B993-050B5920CD6D}"
EndProject
Project("{2150E333-8FDC-42A3-9474-1A3956D46DE8}") = "Tools", "Tools", "{07200871-79A9-4DED-BF83-AE06941436ED}"
EndProject
Project("{8BC9CEB8-8B4A-11D0-8D11-00A0C91BC942}") = "ModelImporter", "Tools\ModelImporter\ModelImporter.vcxproj", "{501D4BF1-6B2C-4F5E-A2F6-EDD028412588}"
EndProject
Project("{8BC9CEB8-8B4A-11D0-8D11-00A0C91BC942}") = "12_HelloModel", "VGP330\12_HelloModel\12_HelloModel.vcxproj", "{D0FBFC88-F32D-4FD8-ABEA-BB5C51ABA77D}"
EndProject
Project("{8BC9CEB8-8B4A-11D0-8D11-00A0C91BC942}") = "13_HelloPostProcessing", "VGP330\13_HelloPostProcessing\13_HelloPostProcessing.vcxproj", "{401C3928-7A32-4070-AA9D-5D36716AF22E}"
EndProject
Project("{8BC9CEB8-8B4A-11D0-8D11-00A0C91BC942}") = "14_HelloShadow", "VGP330\14_HelloShadow\14_HelloShadow.vcxproj", "{96EE03C0-5B33-42D0-9C5C-CCA2C7B16907}"
EndProject
Project("{8BC9CEB8-8B4A-11D0-8D11-00A0C91BC942}") = "15_HelloBillboard", "VGP330\15_HelloBillboard\15_HelloBillboard.vcxproj", "{E9900080-D257-436B-8C56-0AAEC36E8219}"
EndProject
Project("{2150E333-8FDC-42A3-9474-1A3956D46DE8}") = "VGP334", "VGP334", "{5ED0B2DB-6269-4BA1-A61F-A369E4D58BB5}"
EndProject
Project("{8BC9CEB8-8B4A-11D0-8D11-00A0C91BC942}") = "16_HelloAnimation", "VGP334\16_HelloAnimation\16_HelloAnimation.vcxproj", "{4C480356-2625-4CA3-B24D-B0C0C4928F0D}"
EndProject
Project("{8BC9CEB8-8B4A-11D0-8D11-00A0C91BC942}") = "17_HelloSkeleton", "VGP334\17_HelloSkeleton\17_HelloSkeleton.vcxproj", "{6ACDE08D-850D-41DE-8927-80B3A1F19A46}"
EndProject
Project("{8BC9CEB8-8B4A-11D0-8D11-00A0C91BC942}") = "18_HelloSkeletonAnimation", "VGP334\18_HelloSkeletonAnimation\18_HelloSkeletonAnimation.vcxproj", "{71607831-0328-4945-A130-C27BF216E4AE}"
EndProject
Project("{8BC9CEB8-8B4A-11D0-8D11-00A0C91BC942}") = "Bullet", "External\Bullet\Bullet.vcxproj", "{516192EB-788A-4FE7-B2B7-2EF9AC036B12}"
EndProject
Project("{8BC9CEB8-8B4A-11D0-8D11-00A0C91BC942}") = "Physics", "Framework\Physics\Physics.vcxproj", "{75CC6C3B-A838-4AA1-8C3A-606332C5AB10}"
EndProject
Project("{8BC9CEB8-8B4A-11D0-8D11-00A0C91BC942}") = "19_HelloPhysics", "VGP334\19_HelloPhysics\19_HelloPhysics.vcxproj", "{FE90F6E9-64A8-44F4-951F-2CBD46A22266}"
EndProject
Project("{8BC9CEB8-8B4A-11D0-8D11-00A0C91BC942}") = "20_HelloSoftBody", "VGP334\20_HelloSoftBody\20_HelloSoftBody.vcxproj", "{E0B9E17E-2D65-4A34-9126-12A43DDFE3C3}"
EndProject
Project("{8BC9CEB8-8B4A-11D0-8D11-00A0C91BC942}") = "21_HelloParticles", "VGP334\21_HelloParticles\21_HelloParticles.vcxproj", "{06D01B7E-6A7C-4319-93A0-76DB0B9B0363}"
EndProject
Project("{8BC9CEB8-8B4A-11D0-8D11-00A0C91BC942}") = "22_HelloEvents", "VGP334\22_HelloEvents\22_HelloEvents.vcxproj", "{432A9F57-8742-4D15-94D1-832ADEC9CE99}"
EndProject
Project("{8BC9CEB8-8B4A-11D0-8D11-00A0C91BC942}") = "Audio", "Framework\Audio\Audio.vcxproj", "{78F8E8BA-6FDE-476F-B5FB-EEE87F7EA902}"
EndProject
Project("{8BC9CEB8-8B4A-11D0-8D11-00A0C91BC942}") = "DirectXTKAudio_Desktop_2022_Win8", "External\DirectXTK\Audio\DirectXTKAudio_Desktop_2022_Win8.vcxproj", "{4F150A30-CECB-49D1-8283-6A3F57438CF5}"
EndProject
Project("{8BC9CEB8-8B4A-11D0-8D11-00A0C91BC942}") = "23_HelloProceduralAnimation", "VGP334\23_HelloProceduralAnimation\23_HelloProceduralAnimation.vcxproj", "{26FBF0DC-82FE-4A1A-BAC2-97D78273C7BC}"
EndProject
Project("{2150E333-8FDC-42A3-9474-1A3956D46DE8}") = "Templates", "Templates", "{02EA681E-C7D8-13C7-8484-4AC65E1B71E8}"
	ProjectSection(SolutionItems) = preProject
		Assets\Templates\bullet_obj.json = Assets\Templates\bullet_obj.json
		Assets\Templates\follow_camera.json = Assets\Templates\follow_camera.json
		Assets\Templates\fps_camera.json = Assets\Templates\fps_camera.json
		Assets\Templates\ground_obj.json = Assets\Templates\ground_obj.json
		Assets\Templates\gun_obj.json = Assets\Templates\gun_obj.json
		Assets\Templates\mesh_obj.json = Assets\Templates\mesh_obj.json
		Assets\Templates\model_obj.json = Assets\Templates\model_obj.json
		Assets\Templates\player_obj.json = Assets\Templates\player_obj.json
		Assets\Templates\swat_model_obj.json = Assets\Templates\swat_model_obj.json
		Assets\Templates\transform_obj.json = Assets\Templates\transform_obj.json
	EndProjectSection
EndProject
Project("{2150E333-8FDC-42A3-9474-1A3956D46DE8}") = "VGP336", "VGP336", "{EAE7E2E3-E503-40F0-A10D-B9E7D3D3125A}"
EndProject
Project("{8BC9CEB8-8B4A-11D0-8D11-00A0C91BC942}") = "24_Memory", "VGP336\24_Memory\24_Memory.vcxproj", "{F782C4C7-E35C-4857-BD3F-D47F71CA7262}"
EndProject
Project("{8BC9CEB8-8B4A-11D0-8D11-00A0C91BC942}") = "25_GameObject", "VGP336\25_GameObject\25_GameObject.vcxproj", "{A1DA20B1-D6DE-4248-9140-B3BA60249231}"
EndProject
Project("{8BC9CEB8-8B4A-11D0-8D11-00A0C91BC942}") = "26_GameObjectFactory", "VGP336\26_GameObjectFactory\26_GameObjectFactory.vcxproj", "{55F5C0CC-C8F5-40A3-A3BB-01733D9B2D7E}"
EndProject
Project("{8BC9CEB8-8B4A-11D0-8D11-00A0C91BC942}") = "27_GameWorld", "VGP336\27_GameWorld\27_GameWorld.vcxproj", "{8EEC23E4-8BD0-4141-BD54-93F786833F3A}"
EndProject
Project("{2150E333-8FDC-42A3-9474-1A3956D46DE8}") = "Levels", "Levels", "{C17048C0-3654-46E4-8CD6-EFD04C9D1F1F}"
	ProjectSection(SolutionItems) = preProject
		Assets\Templates\Levels\editor_level.json = Assets\Templates\Levels\editor_level.json
		Assets\Templates\Levels\game_level.json = Assets\Templates\Levels\game_level.json
		Assets\Templates\Levels\test_level.json = Assets\Templates\Levels\test_level.json
	EndProjectSection
EndProject
Project("{8BC9CEB8-8B4A-11D0-8D11-00A0C91BC942}") = "FW1FontWrapper", "External\FW1FontWrapper\FW1FontWrapper.vcxproj", "{0D034612-14E2-44E7-993A-72344A2CA7BD}"
EndProject
Project("{2150E333-8FDC-42A3-9474-1A3956D46DE8}") = "UI", "UI", "{CAB8F5E2-4B88-4A2B-91A8-EF7FFE5C4814}"
	ProjectSection(SolutionItems) = preProject
		Assets\Templates\UI\test_button.json = Assets\Templates\UI\test_button.json
		Assets\Templates\UI\ui_test_obj.json = Assets\Templates\UI\ui_test_obj.json
	EndProjectSection
EndProject
Project("{8BC9CEB8-8B4A-11D0-8D11-00A0C91BC942}") = "28_Editor", "VGP336\28_Editor\28_Editor.vcxproj", "{D37F80CC-788F-42DE-8CDE-FB3ADCB37BFF}"
EndProject
Project("{8BC9CEB8-8B4A-11D0-8D11-00A0C91BC942}") = "Gameplay_Final", "VGP336\Gameplay_Final\Gameplay_Final.vcxproj", "{9D68602C-943E-460C-8CE8-97AEDAD91B28}"
EndProject
Global
	GlobalSection(SolutionConfigurationPlatforms) = preSolution
		Debug|x64 = Debug|x64
		Debug|x86 = Debug|x86
		Release|x64 = Release|x64
		Release|x86 = Release|x86
	EndGlobalSection
	GlobalSection(ProjectConfigurationPlatforms) = postSolution
		{62356065-4409-457F-94A9-B62792F2EE5F}.Debug|x64.ActiveCfg = Debug|x64
		{62356065-4409-457F-94A9-B62792F2EE5F}.Debug|x64.Build.0 = Debug|x64
		{62356065-4409-457F-94A9-B62792F2EE5F}.Debug|x86.ActiveCfg = Debug|Win32
		{62356065-4409-457F-94A9-B62792F2EE5F}.Debug|x86.Build.0 = Debug|Win32
		{62356065-4409-457F-94A9-B62792F2EE5F}.Release|x64.ActiveCfg = Release|x64
		{62356065-4409-457F-94A9-B62792F2EE5F}.Release|x64.Build.0 = Release|x64
		{62356065-4409-457F-94A9-B62792F2EE5F}.Release|x86.ActiveCfg = Release|Win32
		{62356065-4409-457F-94A9-B62792F2EE5F}.Release|x86.Build.0 = Release|Win32
		{8D1B7B58-ABA3-48E8-80B5-E6F068DB35BD}.Debug|x64.ActiveCfg = Debug|x64
		{8D1B7B58-ABA3-48E8-80B5-E6F068DB35BD}.Debug|x64.Build.0 = Debug|x64
		{8D1B7B58-ABA3-48E8-80B5-E6F068DB35BD}.Debug|x86.ActiveCfg = Debug|Win32
		{8D1B7B58-ABA3-48E8-80B5-E6F068DB35BD}.Debug|x86.Build.0 = Debug|Win32
		{8D1B7B58-ABA3-48E8-80B5-E6F068DB35BD}.Release|x64.ActiveCfg = Release|x64
		{8D1B7B58-ABA3-48E8-80B5-E6F068DB35BD}.Release|x64.Build.0 = Release|x64
		{8D1B7B58-ABA3-48E8-80B5-E6F068DB35BD}.Release|x86.ActiveCfg = Release|Win32
		{8D1B7B58-ABA3-48E8-80B5-E6F068DB35BD}.Release|x86.Build.0 = Release|Win32
		{4417114D-1C2A-41B3-AF15-92EBE2A6F0B6}.Debug|x64.ActiveCfg = Debug|x64
		{4417114D-1C2A-41B3-AF15-92EBE2A6F0B6}.Debug|x64.Build.0 = Debug|x64
		{4417114D-1C2A-41B3-AF15-92EBE2A6F0B6}.Debug|x86.ActiveCfg = Debug|Win32
		{4417114D-1C2A-41B3-AF15-92EBE2A6F0B6}.Debug|x86.Build.0 = Debug|Win32
		{4417114D-1C2A-41B3-AF15-92EBE2A6F0B6}.Release|x64.ActiveCfg = Release|x64
		{4417114D-1C2A-41B3-AF15-92EBE2A6F0B6}.Release|x64.Build.0 = Release|x64
		{4417114D-1C2A-41B3-AF15-92EBE2A6F0B6}.Release|x86.ActiveCfg = Release|Win32
		{4417114D-1C2A-41B3-AF15-92EBE2A6F0B6}.Release|x86.Build.0 = Release|Win32
		{AED66E0A-E5FB-4475-B7CF-6467C38A00DA}.Debug|x64.ActiveCfg = Debug|x64
		{AED66E0A-E5FB-4475-B7CF-6467C38A00DA}.Debug|x64.Build.0 = Debug|x64
		{AED66E0A-E5FB-4475-B7CF-6467C38A00DA}.Debug|x86.ActiveCfg = Debug|Win32
		{AED66E0A-E5FB-4475-B7CF-6467C38A00DA}.Debug|x86.Build.0 = Debug|Win32
		{AED66E0A-E5FB-4475-B7CF-6467C38A00DA}.Release|x64.ActiveCfg = Release|x64
		{AED66E0A-E5FB-4475-B7CF-6467C38A00DA}.Release|x64.Build.0 = Release|x64
		{AED66E0A-E5FB-4475-B7CF-6467C38A00DA}.Release|x86.ActiveCfg = Release|Win32
		{AED66E0A-E5FB-4475-B7CF-6467C38A00DA}.Release|x86.Build.0 = Release|Win32
		{E0B52AE7-E160-4D32-BF3F-910B785E5A8E}.Debug|x64.ActiveCfg = Debug|x64
		{E0B52AE7-E160-4D32-BF3F-910B785E5A8E}.Debug|x64.Build.0 = Debug|x64
		{E0B52AE7-E160-4D32-BF3F-910B785E5A8E}.Debug|x86.ActiveCfg = Debug|Win32
		{E0B52AE7-E160-4D32-BF3F-910B785E5A8E}.Debug|x86.Build.0 = Debug|Win32
		{E0B52AE7-E160-4D32-BF3F-910B785E5A8E}.Release|x64.ActiveCfg = Release|x64
		{E0B52AE7-E160-4D32-BF3F-910B785E5A8E}.Release|x64.Build.0 = Release|x64
		{E0B52AE7-E160-4D32-BF3F-910B785E5A8E}.Release|x86.ActiveCfg = Release|Win32
		{E0B52AE7-E160-4D32-BF3F-910B785E5A8E}.Release|x86.Build.0 = Release|Win32
		{B3A64266-FC38-47FB-A462-8A94351400C8}.Debug|x64.ActiveCfg = Debug|x64
		{B3A64266-FC38-47FB-A462-8A94351400C8}.Debug|x64.Build.0 = Debug|x64
		{B3A64266-FC38-47FB-A462-8A94351400C8}.Debug|x86.ActiveCfg = Debug|Win32
		{B3A64266-FC38-47FB-A462-8A94351400C8}.Debug|x86.Build.0 = Debug|Win32
		{B3A64266-FC38-47FB-A462-8A94351400C8}.Release|x64.ActiveCfg = Release|x64
		{B3A64266-FC38-47FB-A462-8A94351400C8}.Release|x64.Build.0 = Release|x64
		{B3A64266-FC38-47FB-A462-8A94351400C8}.Release|x86.ActiveCfg = Release|Win32
		{B3A64266-FC38-47FB-A462-8A94351400C8}.Release|x86.Build.0 = Release|Win32
		{3629F01A-6FED-42EB-B308-E9F7F1346EAF}.Debug|x64.ActiveCfg = Debug|x64
		{3629F01A-6FED-42EB-B308-E9F7F1346EAF}.Debug|x64.Build.0 = Debug|x64
		{3629F01A-6FED-42EB-B308-E9F7F1346EAF}.Debug|x86.ActiveCfg = Debug|Win32
		{3629F01A-6FED-42EB-B308-E9F7F1346EAF}.Debug|x86.Build.0 = Debug|Win32
		{3629F01A-6FED-42EB-B308-E9F7F1346EAF}.Release|x64.ActiveCfg = Release|x64
		{3629F01A-6FED-42EB-B308-E9F7F1346EAF}.Release|x64.Build.0 = Release|x64
		{3629F01A-6FED-42EB-B308-E9F7F1346EAF}.Release|x86.ActiveCfg = Release|Win32
		{3629F01A-6FED-42EB-B308-E9F7F1346EAF}.Release|x86.Build.0 = Release|Win32
		{AF96A97A-EE1F-47FE-9EF0-FA8A023C24A2}.Debug|x64.ActiveCfg = Debug|x64
		{AF96A97A-EE1F-47FE-9EF0-FA8A023C24A2}.Debug|x64.Build.0 = Debug|x64
		{AF96A97A-EE1F-47FE-9EF0-FA8A023C24A2}.Debug|x86.ActiveCfg = Debug|Win32
		{AF96A97A-EE1F-47FE-9EF0-FA8A023C24A2}.Debug|x86.Build.0 = Debug|Win32
		{AF96A97A-EE1F-47FE-9EF0-FA8A023C24A2}.Release|x64.ActiveCfg = Release|x64
		{AF96A97A-EE1F-47FE-9EF0-FA8A023C24A2}.Release|x64.Build.0 = Release|x64
		{AF96A97A-EE1F-47FE-9EF0-FA8A023C24A2}.Release|x86.ActiveCfg = Release|Win32
		{AF96A97A-EE1F-47FE-9EF0-FA8A023C24A2}.Release|x86.Build.0 = Release|Win32
		{56CF17B9-41B9-4F63-9F19-7ED3C4F4B8E3}.Debug|x64.ActiveCfg = Debug|x64
		{56CF17B9-41B9-4F63-9F19-7ED3C4F4B8E3}.Debug|x64.Build.0 = Debug|x64
		{56CF17B9-41B9-4F63-9F19-7ED3C4F4B8E3}.Debug|x86.ActiveCfg = Debug|Win32
		{56CF17B9-41B9-4F63-9F19-7ED3C4F4B8E3}.Debug|x86.Build.0 = Debug|Win32
		{56CF17B9-41B9-4F63-9F19-7ED3C4F4B8E3}.Release|x64.ActiveCfg = Release|x64
		{56CF17B9-41B9-4F63-9F19-7ED3C4F4B8E3}.Release|x64.Build.0 = Release|x64
		{56CF17B9-41B9-4F63-9F19-7ED3C4F4B8E3}.Release|x86.ActiveCfg = Release|Win32
		{56CF17B9-41B9-4F63-9F19-7ED3C4F4B8E3}.Release|x86.Build.0 = Release|Win32
		{97CB4E83-70DB-46A4-B5A4-4737263B820C}.Debug|x64.ActiveCfg = Debug|x64
		{97CB4E83-70DB-46A4-B5A4-4737263B820C}.Debug|x64.Build.0 = Debug|x64
		{97CB4E83-70DB-46A4-B5A4-4737263B820C}.Debug|x86.ActiveCfg = Debug|Win32
		{97CB4E83-70DB-46A4-B5A4-4737263B820C}.Debug|x86.Build.0 = Debug|Win32
		{97CB4E83-70DB-46A4-B5A4-4737263B820C}.Release|x64.ActiveCfg = Release|x64
		{97CB4E83-70DB-46A4-B5A4-4737263B820C}.Release|x64.Build.0 = Release|x64
		{97CB4E83-70DB-46A4-B5A4-4737263B820C}.Release|x86.ActiveCfg = Release|Win32
		{97CB4E83-70DB-46A4-B5A4-4737263B820C}.Release|x86.Build.0 = Release|Win32
		{52D656A2-A2F4-4C54-A3C7-653427BED1E8}.Debug|x64.ActiveCfg = Debug|x64
		{52D656A2-A2F4-4C54-A3C7-653427BED1E8}.Debug|x64.Build.0 = Debug|x64
		{52D656A2-A2F4-4C54-A3C7-653427BED1E8}.Debug|x86.ActiveCfg = Debug|Win32
		{52D656A2-A2F4-4C54-A3C7-653427BED1E8}.Debug|x86.Build.0 = Debug|Win32
		{52D656A2-A2F4-4C54-A3C7-653427BED1E8}.Release|x64.ActiveCfg = Release|x64
		{52D656A2-A2F4-4C54-A3C7-653427BED1E8}.Release|x64.Build.0 = Release|x64
		{52D656A2-A2F4-4C54-A3C7-653427BED1E8}.Release|x86.ActiveCfg = Release|Win32
		{52D656A2-A2F4-4C54-A3C7-653427BED1E8}.Release|x86.Build.0 = Release|Win32
		{2EA02A25-0C44-4282-BE62-735D910FA003}.Debug|x64.ActiveCfg = Debug|x64
		{2EA02A25-0C44-4282-BE62-735D910FA003}.Debug|x64.Build.0 = Debug|x64
		{2EA02A25-0C44-4282-BE62-735D910FA003}.Debug|x86.ActiveCfg = Debug|Win32
		{2EA02A25-0C44-4282-BE62-735D910FA003}.Debug|x86.Build.0 = Debug|Win32
		{2EA02A25-0C44-4282-BE62-735D910FA003}.Release|x64.ActiveCfg = Release|x64
		{2EA02A25-0C44-4282-BE62-735D910FA003}.Release|x64.Build.0 = Release|x64
		{2EA02A25-0C44-4282-BE62-735D910FA003}.Release|x86.ActiveCfg = Release|Win32
		{2EA02A25-0C44-4282-BE62-735D910FA003}.Release|x86.Build.0 = Release|Win32
		{95E36E07-3087-4C3F-A470-AF925F3FBA61}.Debug|x64.ActiveCfg = Debug|x64
		{95E36E07-3087-4C3F-A470-AF925F3FBA61}.Debug|x64.Build.0 = Debug|x64
		{95E36E07-3087-4C3F-A470-AF925F3FBA61}.Debug|x86.ActiveCfg = Debug|Win32
		{95E36E07-3087-4C3F-A470-AF925F3FBA61}.Debug|x86.Build.0 = Debug|Win32
		{95E36E07-3087-4C3F-A470-AF925F3FBA61}.Release|x64.ActiveCfg = Release|x64
		{95E36E07-3087-4C3F-A470-AF925F3FBA61}.Release|x64.Build.0 = Release|x64
		{95E36E07-3087-4C3F-A470-AF925F3FBA61}.Release|x86.ActiveCfg = Release|Win32
		{95E36E07-3087-4C3F-A470-AF925F3FBA61}.Release|x86.Build.0 = Release|Win32
		{2AB8DEB0-5A26-48C5-8B28-0FFD9B565E58}.Debug|x64.ActiveCfg = Debug|x64
		{2AB8DEB0-5A26-48C5-8B28-0FFD9B565E58}.Debug|x64.Build.0 = Debug|x64
		{2AB8DEB0-5A26-48C5-8B28-0FFD9B565E58}.Debug|x86.ActiveCfg = Debug|Win32
		{2AB8DEB0-5A26-48C5-8B28-0FFD9B565E58}.Debug|x86.Build.0 = Debug|Win32
		{2AB8DEB0-5A26-48C5-8B28-0FFD9B565E58}.Release|x64.ActiveCfg = Release|x64
		{2AB8DEB0-5A26-48C5-8B28-0FFD9B565E58}.Release|x64.Build.0 = Release|x64
		{2AB8DEB0-5A26-48C5-8B28-0FFD9B565E58}.Release|x86.ActiveCfg = Release|Win32
		{2AB8DEB0-5A26-48C5-8B28-0FFD9B565E58}.Release|x86.Build.0 = Release|Win32
		{40DE83B7-AB83-4E68-B993-050B5920CD6D}.Debug|x64.ActiveCfg = Debug|x64
		{40DE83B7-AB83-4E68-B993-050B5920CD6D}.Debug|x64.Build.0 = Debug|x64
		{40DE83B7-AB83-4E68-B993-050B5920CD6D}.Debug|x86.ActiveCfg = Debug|Win32
		{40DE83B7-AB83-4E68-B993-050B5920CD6D}.Debug|x86.Build.0 = Debug|Win32
		{40DE83B7-AB83-4E68-B993-050B5920CD6D}.Release|x64.ActiveCfg = Release|x64
		{40DE83B7-AB83-4E68-B993-050B5920CD6D}.Release|x64.Build.0 = Release|x64
		{40DE83B7-AB83-4E68-B993-050B5920CD6D}.Release|x86.ActiveCfg = Release|Win32
		{40DE83B7-AB83-4E68-B993-050B5920CD6D}.Release|x86.Build.0 = Release|Win32
		{501D4BF1-6B2C-4F5E-A2F6-EDD028412588}.Debug|x64.ActiveCfg = Debug|x64
		{501D4BF1-6B2C-4F5E-A2F6-EDD028412588}.Debug|x64.Build.0 = Debug|x64
		{501D4BF1-6B2C-4F5E-A2F6-EDD028412588}.Debug|x86.ActiveCfg = Debug|Win32
		{501D4BF1-6B2C-4F5E-A2F6-EDD028412588}.Debug|x86.Build.0 = Debug|Win32
		{501D4BF1-6B2C-4F5E-A2F6-EDD028412588}.Release|x64.ActiveCfg = Release|x64
		{501D4BF1-6B2C-4F5E-A2F6-EDD028412588}.Release|x64.Build.0 = Release|x64
		{501D4BF1-6B2C-4F5E-A2F6-EDD028412588}.Release|x86.ActiveCfg = Release|Win32
		{501D4BF1-6B2C-4F5E-A2F6-EDD028412588}.Release|x86.Build.0 = Release|Win32
		{D0FBFC88-F32D-4FD8-ABEA-BB5C51ABA77D}.Debug|x64.ActiveCfg = Debug|x64
		{D0FBFC88-F32D-4FD8-ABEA-BB5C51ABA77D}.Debug|x64.Build.0 = Debug|x64
		{D0FBFC88-F32D-4FD8-ABEA-BB5C51ABA77D}.Debug|x86.ActiveCfg = Debug|Win32
		{D0FBFC88-F32D-4FD8-ABEA-BB5C51ABA77D}.Debug|x86.Build.0 = Debug|Win32
		{D0FBFC88-F32D-4FD8-ABEA-BB5C51ABA77D}.Release|x64.ActiveCfg = Release|x64
		{D0FBFC88-F32D-4FD8-ABEA-BB5C51ABA77D}.Release|x64.Build.0 = Release|x64
		{D0FBFC88-F32D-4FD8-ABEA-BB5C51ABA77D}.Release|x86.ActiveCfg = Release|Win32
		{D0FBFC88-F32D-4FD8-ABEA-BB5C51ABA77D}.Release|x86.Build.0 = Release|Win32
		{401C3928-7A32-4070-AA9D-5D36716AF22E}.Debug|x64.ActiveCfg = Debug|x64
		{401C3928-7A32-4070-AA9D-5D36716AF22E}.Debug|x64.Build.0 = Debug|x64
		{401C3928-7A32-4070-AA9D-5D36716AF22E}.Debug|x86.ActiveCfg = Debug|Win32
		{401C3928-7A32-4070-AA9D-5D36716AF22E}.Debug|x86.Build.0 = Debug|Win32
		{401C3928-7A32-4070-AA9D-5D36716AF22E}.Release|x64.ActiveCfg = Release|x64
		{401C3928-7A32-4070-AA9D-5D36716AF22E}.Release|x64.Build.0 = Release|x64
		{401C3928-7A32-4070-AA9D-5D36716AF22E}.Release|x86.ActiveCfg = Release|Win32
		{401C3928-7A32-4070-AA9D-5D36716AF22E}.Release|x86.Build.0 = Release|Win32
		{96EE03C0-5B33-42D0-9C5C-CCA2C7B16907}.Debug|x64.ActiveCfg = Debug|x64
		{96EE03C0-5B33-42D0-9C5C-CCA2C7B16907}.Debug|x64.Build.0 = Debug|x64
		{96EE03C0-5B33-42D0-9C5C-CCA2C7B16907}.Debug|x86.ActiveCfg = Debug|Win32
		{96EE03C0-5B33-42D0-9C5C-CCA2C7B16907}.Debug|x86.Build.0 = Debug|Win32
		{96EE03C0-5B33-42D0-9C5C-CCA2C7B16907}.Release|x64.ActiveCfg = Release|x64
		{96EE03C0-5B33-42D0-9C5C-CCA2C7B16907}.Release|x64.Build.0 = Release|x64
		{96EE03C0-5B33-42D0-9C5C-CCA2C7B16907}.Release|x86.ActiveCfg = Release|Win32
		{96EE03C0-5B33-42D0-9C5C-CCA2C7B16907}.Release|x86.Build.0 = Release|Win32
		{E9900080-D257-436B-8C56-0AAEC36E8219}.Debug|x64.ActiveCfg = Debug|x64
		{E9900080-D257-436B-8C56-0AAEC36E8219}.Debug|x64.Build.0 = Debug|x64
		{E9900080-D257-436B-8C56-0AAEC36E8219}.Debug|x86.ActiveCfg = Debug|Win32
		{E9900080-D257-436B-8C56-0AAEC36E8219}.Debug|x86.Build.0 = Debug|Win32
		{E9900080-D257-436B-8C56-0AAEC36E8219}.Release|x64.ActiveCfg = Release|x64
		{E9900080-D257-436B-8C56-0AAEC36E8219}.Release|x64.Build.0 = Release|x64
		{E9900080-D257-436B-8C56-0AAEC36E8219}.Release|x86.ActiveCfg = Release|Win32
		{E9900080-D257-436B-8C56-0AAEC36E8219}.Release|x86.Build.0 = Release|Win32
		{4C480356-2625-4CA3-B24D-B0C0C4928F0D}.Debug|x64.ActiveCfg = Debug|x64
		{4C480356-2625-4CA3-B24D-B0C0C4928F0D}.Debug|x64.Build.0 = Debug|x64
		{4C480356-2625-4CA3-B24D-B0C0C4928F0D}.Debug|x86.ActiveCfg = Debug|Win32
		{4C480356-2625-4CA3-B24D-B0C0C4928F0D}.Debug|x86.Build.0 = Debug|Win32
		{4C480356-2625-4CA3-B24D-B0C0C4928F0D}.Release|x64.ActiveCfg = Release|x64
		{4C480356-2625-4CA3-B24D-B0C0C4928F0D}.Release|x64.Build.0 = Release|x64
		{4C480356-2625-4CA3-B24D-B0C0C4928F0D}.Release|x86.ActiveCfg = Release|Win32
		{4C480356-2625-4CA3-B24D-B0C0C4928F0D}.Release|x86.Build.0 = Release|Win32
		{6ACDE08D-850D-41DE-8927-80B3A1F19A46}.Debug|x64.ActiveCfg = Debug|x64
		{6ACDE08D-850D-41DE-8927-80B3A1F19A46}.Debug|x64.Build.0 = Debug|x64
		{6ACDE08D-850D-41DE-8927-80B3A1F19A46}.Debug|x86.ActiveCfg = Debug|Win32
		{6ACDE08D-850D-41DE-8927-80B3A1F19A46}.Debug|x86.Build.0 = Debug|Win32
		{6ACDE08D-850D-41DE-8927-80B3A1F19A46}.Release|x64.ActiveCfg = Release|x64
		{6ACDE08D-850D-41DE-8927-80B3A1F19A46}.Release|x64.Build.0 = Release|x64
		{6ACDE08D-850D-41DE-8927-80B3A1F19A46}.Release|x86.ActiveCfg = Release|Win32
		{6ACDE08D-850D-41DE-8927-80B3A1F19A46}.Release|x86.Build.0 = Release|Win32
		{71607831-0328-4945-A130-C27BF216E4AE}.Debug|x64.ActiveCfg = Debug|x64
		{71607831-0328-4945-A130-C27BF216E4AE}.Debug|x64.Build.0 = Debug|x64
		{71607831-0328-4945-A130-C27BF216E4AE}.Debug|x86.ActiveCfg = Debug|Win32
		{71607831-0328-4945-A130-C27BF216E4AE}.Debug|x86.Build.0 = Debug|Win32
		{71607831-0328-4945-A130-C27BF216E4AE}.Release|x64.ActiveCfg = Release|x64
		{71607831-0328-4945-A130-C27BF216E4AE}.Release|x64.Build.0 = Release|x64
		{71607831-0328-4945-A130-C27BF216E4AE}.Release|x86.ActiveCfg = Release|Win32
		{71607831-0328-4945-A130-C27BF216E4AE}.Release|x86.Build.0 = Release|Win32
		{516192EB-788A-4FE7-B2B7-2EF9AC036B12}.Debug|x64.ActiveCfg = Debug|x64
		{516192EB-788A-4FE7-B2B7-2EF9AC036B12}.Debug|x64.Build.0 = Debug|x64
		{516192EB-788A-4FE7-B2B7-2EF9AC036B12}.Debug|x86.ActiveCfg = Debug|Win32
		{516192EB-788A-4FE7-B2B7-2EF9AC036B12}.Debug|x86.Build.0 = Debug|Win32
		{516192EB-788A-4FE7-B2B7-2EF9AC036B12}.Release|x64.ActiveCfg = Release|x64
		{516192EB-788A-4FE7-B2B7-2EF9AC036B12}.Release|x64.Build.0 = Release|x64
		{516192EB-788A-4FE7-B2B7-2EF9AC036B12}.Release|x86.ActiveCfg = Release|Win32
		{516192EB-788A-4FE7-B2B7-2EF9AC036B12}.Release|x86.Build.0 = Release|Win32
		{75CC6C3B-A838-4AA1-8C3A-606332C5AB10}.Debug|x64.ActiveCfg = Debug|x64
		{75CC6C3B-A838-4AA1-8C3A-606332C5AB10}.Debug|x64.Build.0 = Debug|x64
		{75CC6C3B-A838-4AA1-8C3A-606332C5AB10}.Debug|x86.ActiveCfg = Debug|Win32
		{75CC6C3B-A838-4AA1-8C3A-606332C5AB10}.Debug|x86.Build.0 = Debug|Win32
		{75CC6C3B-A838-4AA1-8C3A-606332C5AB10}.Release|x64.ActiveCfg = Release|x64
		{75CC6C3B-A838-4AA1-8C3A-606332C5AB10}.Release|x64.Build.0 = Release|x64
		{75CC6C3B-A838-4AA1-8C3A-606332C5AB10}.Release|x86.ActiveCfg = Release|Win32
		{75CC6C3B-A838-4AA1-8C3A-606332C5AB10}.Release|x86.Build.0 = Release|Win32
		{FE90F6E9-64A8-44F4-951F-2CBD46A22266}.Debug|x64.ActiveCfg = Debug|x64
		{FE90F6E9-64A8-44F4-951F-2CBD46A22266}.Debug|x64.Build.0 = Debug|x64
		{FE90F6E9-64A8-44F4-951F-2CBD46A22266}.Debug|x86.ActiveCfg = Debug|Win32
		{FE90F6E9-64A8-44F4-951F-2CBD46A22266}.Debug|x86.Build.0 = Debug|Win32
		{FE90F6E9-64A8-44F4-951F-2CBD46A22266}.Release|x64.ActiveCfg = Release|x64
		{FE90F6E9-64A8-44F4-951F-2CBD46A22266}.Release|x64.Build.0 = Release|x64
		{FE90F6E9-64A8-44F4-951F-2CBD46A22266}.Release|x86.ActiveCfg = Release|Win32
		{FE90F6E9-64A8-44F4-951F-2CBD46A22266}.Release|x86.Build.0 = Release|Win32
		{E0B9E17E-2D65-4A34-9126-12A43DDFE3C3}.Debug|x64.ActiveCfg = Debug|x64
		{E0B9E17E-2D65-4A34-9126-12A43DDFE3C3}.Debug|x64.Build.0 = Debug|x64
		{E0B9E17E-2D65-4A34-9126-12A43DDFE3C3}.Debug|x86.ActiveCfg = Debug|Win32
		{E0B9E17E-2D65-4A34-9126-12A43DDFE3C3}.Debug|x86.Build.0 = Debug|Win32
		{E0B9E17E-2D65-4A34-9126-12A43DDFE3C3}.Release|x64.ActiveCfg = Release|x64
		{E0B9E17E-2D65-4A34-9126-12A43DDFE3C3}.Release|x64.Build.0 = Release|x64
		{E0B9E17E-2D65-4A34-9126-12A43DDFE3C3}.Release|x86.ActiveCfg = Release|Win32
		{E0B9E17E-2D65-4A34-9126-12A43DDFE3C3}.Release|x86.Build.0 = Release|Win32
		{06D01B7E-6A7C-4319-93A0-76DB0B9B0363}.Debug|x64.ActiveCfg = Debug|x64
		{06D01B7E-6A7C-4319-93A0-76DB0B9B0363}.Debug|x64.Build.0 = Debug|x64
		{06D01B7E-6A7C-4319-93A0-76DB0B9B0363}.Debug|x86.ActiveCfg = Debug|Win32
		{06D01B7E-6A7C-4319-93A0-76DB0B9B0363}.Debug|x86.Build.0 = Debug|Win32
		{06D01B7E-6A7C-4319-93A0-76DB0B9B0363}.Release|x64.ActiveCfg = Release|x64
		{06D01B7E-6A7C-4319-93A0-76DB0B9B0363}.Release|x64.Build.0 = Release|x64
		{06D01B7E-6A7C-4319-93A0-76DB0B9B0363}.Release|x86.ActiveCfg = Release|Win32
		{06D01B7E-6A7C-4319-93A0-76DB0B9B0363}.Release|x86.Build.0 = Release|Win32
		{432A9F57-8742-4D15-94D1-832ADEC9CE99}.Debug|x64.ActiveCfg = Debug|x64
		{432A9F57-8742-4D15-94D1-832ADEC9CE99}.Debug|x64.Build.0 = Debug|x64
		{432A9F57-8742-4D15-94D1-832ADEC9CE99}.Debug|x86.ActiveCfg = Debug|Win32
		{432A9F57-8742-4D15-94D1-832ADEC9CE99}.Debug|x86.Build.0 = Debug|Win32
		{432A9F57-8742-4D15-94D1-832ADEC9CE99}.Release|x64.ActiveCfg = Release|x64
		{432A9F57-8742-4D15-94D1-832ADEC9CE99}.Release|x64.Build.0 = Release|x64
		{432A9F57-8742-4D15-94D1-832ADEC9CE99}.Release|x86.ActiveCfg = Release|Win32
		{432A9F57-8742-4D15-94D1-832ADEC9CE99}.Release|x86.Build.0 = Release|Win32
		{78F8E8BA-6FDE-476F-B5FB-EEE87F7EA902}.Debug|x64.ActiveCfg = Debug|x64
		{78F8E8BA-6FDE-476F-B5FB-EEE87F7EA902}.Debug|x64.Build.0 = Debug|x64
		{78F8E8BA-6FDE-476F-B5FB-EEE87F7EA902}.Debug|x86.ActiveCfg = Debug|Win32
		{78F8E8BA-6FDE-476F-B5FB-EEE87F7EA902}.Debug|x86.Build.0 = Debug|Win32
		{78F8E8BA-6FDE-476F-B5FB-EEE87F7EA902}.Release|x64.ActiveCfg = Release|x64
		{78F8E8BA-6FDE-476F-B5FB-EEE87F7EA902}.Release|x64.Build.0 = Release|x64
		{78F8E8BA-6FDE-476F-B5FB-EEE87F7EA902}.Release|x86.ActiveCfg = Release|Win32
		{78F8E8BA-6FDE-476F-B5FB-EEE87F7EA902}.Release|x86.Build.0 = Release|Win32
		{4F150A30-CECB-49D1-8283-6A3F57438CF5}.Debug|x64.ActiveCfg = Debug|x64
		{4F150A30-CECB-49D1-8283-6A3F57438CF5}.Debug|x64.Build.0 = Debug|x64
		{4F150A30-CECB-49D1-8283-6A3F57438CF5}.Debug|x86.ActiveCfg = Debug|Win32
		{4F150A30-CECB-49D1-8283-6A3F57438CF5}.Debug|x86.Build.0 = Debug|Win32
		{4F150A30-CECB-49D1-8283-6A3F57438CF5}.Release|x64.ActiveCfg = Release|x64
		{4F150A30-CECB-49D1-8283-6A3F57438CF5}.Release|x64.Build.0 = Release|x64
		{4F150A30-CECB-49D1-8283-6A3F57438CF5}.Release|x86.ActiveCfg = Release|Win32
		{4F150A30-CECB-49D1-8283-6A3F57438CF5}.Release|x86.Build.0 = Release|Win32
		{26FBF0DC-82FE-4A1A-BAC2-97D78273C7BC}.Debug|x64.ActiveCfg = Debug|x64
		{26FBF0DC-82FE-4A1A-BAC2-97D78273C7BC}.Debug|x64.Build.0 = Debug|x64
		{26FBF0DC-82FE-4A1A-BAC2-97D78273C7BC}.Debug|x86.ActiveCfg = Debug|Win32
		{26FBF0DC-82FE-4A1A-BAC2-97D78273C7BC}.Debug|x86.Build.0 = Debug|Win32
		{26FBF0DC-82FE-4A1A-BAC2-97D78273C7BC}.Release|x64.ActiveCfg = Release|x64
		{26FBF0DC-82FE-4A1A-BAC2-97D78273C7BC}.Release|x64.Build.0 = Release|x64
		{26FBF0DC-82FE-4A1A-BAC2-97D78273C7BC}.Release|x86.ActiveCfg = Release|Win32
		{26FBF0DC-82FE-4A1A-BAC2-97D78273C7BC}.Release|x86.Build.0 = Release|Win32
		{F782C4C7-E35C-4857-BD3F-D47F71CA7262}.Debug|x64.ActiveCfg = Debug|x64
		{F782C4C7-E35C-4857-BD3F-D47F71CA7262}.Debug|x64.Build.0 = Debug|x64
		{F782C4C7-E35C-4857-BD3F-D47F71CA7262}.Debug|x86.ActiveCfg = Debug|Win32
		{F782C4C7-E35C-4857-BD3F-D47F71CA7262}.Debug|x86.Build.0 = Debug|Win32
		{F782C4C7-E35C-4857-BD3F-D47F71CA7262}.Release|x64.ActiveCfg = Release|x64
		{F782C4C7-E35C-4857-BD3F-D47F71CA7262}.Release|x64.Build.0 = Release|x64
		{F782C4C7-E35C-4857-BD3F-D47F71CA7262}.Release|x86.ActiveCfg = Release|Win32
		{F782C4C7-E35C-4857-BD3F-D47F71CA7262}.Release|x86.Build.0 = Release|Win32
		{A1DA20B1-D6DE-4248-9140-B3BA60249231}.Debug|x64.ActiveCfg = Debug|x64
		{A1DA20B1-D6DE-4248-9140-B3BA60249231}.Debug|x64.Build.0 = Debug|x64
		{A1DA20B1-D6DE-4248-9140-B3BA60249231}.Debug|x86.ActiveCfg = Debug|Win32
		{A1DA20B1-D6DE-4248-9140-B3BA60249231}.Debug|x86.Build.0 = Debug|Win32
		{A1DA20B1-D6DE-4248-9140-B3BA60249231}.Release|x64.ActiveCfg = Release|x64
		{A1DA20B1-D6DE-4248-9140-B3BA60249231}.Release|x64.Build.0 = Release|x64
		{A1DA20B1-D6DE-4248-9140-B3BA60249231}.Release|x86.ActiveCfg = Release|Win32
		{A1DA20B1-D6DE-4248-9140-B3BA60249231}.Release|x86.Build.0 = Release|Win32
		{55F5C0CC-C8F5-40A3-A3BB-01733D9B2D7E}.Debug|x64.ActiveCfg = Debug|x64
		{55F5C0CC-C8F5-40A3-A3BB-01733D9B2D7E}.Debug|x64.Build.0 = Debug|x64
		{55F5C0CC-C8F5-40A3-A3BB-01733D9B2D7E}.Debug|x86.ActiveCfg = Debug|Win32
		{55F5C0CC-C8F5-40A3-A3BB-01733D9B2D7E}.Debug|x86.Build.0 = Debug|Win32
		{55F5C0CC-C8F5-40A3-A3BB-01733D9B2D7E}.Release|x64.ActiveCfg = Release|x64
		{55F5C0CC-C8F5-40A3-A3BB-01733D9B2D7E}.Release|x64.Build.0 = Release|x64
		{55F5C0CC-C8F5-40A3-A3BB-01733D9B2D7E}.Release|x86.ActiveCfg = Release|Win32
		{55F5C0CC-C8F5-40A3-A3BB-01733D9B2D7E}.Release|x86.Build.0 = Release|Win32
		{8EEC23E4-8BD0-4141-BD54-93F786833F3A}.Debug|x64.ActiveCfg = Debug|x64
		{8EEC23E4-8BD0-4141-BD54-93F786833F3A}.Debug|x64.Build.0 = Debug|x64
		{8EEC23E4-8BD0-4141-BD54-93F786833F3A}.Debug|x86.ActiveCfg = Debug|Win32
		{8EEC23E4-8BD0-4141-BD54-93F786833F3A}.Debug|x86.Build.0 = Debug|Win32
		{8EEC23E4-8BD0-4141-BD54-93F786833F3A}.Release|x64.ActiveCfg = Release|x64
		{8EEC23E4-8BD0-4141-BD54-93F786833F3A}.Release|x64.Build.0 = Release|x64
		{8EEC23E4-8BD0-4141-BD54-93F786833F3A}.Release|x86.ActiveCfg = Release|Win32
		{8EEC23E4-8BD0-4141-BD54-93F786833F3A}.Release|x86.Build.0 = Release|Win32
		{0D034612-14E2-44E7-993A-72344A2CA7BD}.Debug|x64.ActiveCfg = Debug|x64
		{0D034612-14E2-44E7-993A-72344A2CA7BD}.Debug|x64.Build.0 = Debug|x64
		{0D034612-14E2-44E7-993A-72344A2CA7BD}.Debug|x86.ActiveCfg = Debug|Win32
		{0D034612-14E2-44E7-993A-72344A2CA7BD}.Debug|x86.Build.0 = Debug|Win32
		{0D034612-14E2-44E7-993A-72344A2CA7BD}.Release|x64.ActiveCfg = Release|x64
		{0D034612-14E2-44E7-993A-72344A2CA7BD}.Release|x64.Build.0 = Release|x64
		{0D034612-14E2-44E7-993A-72344A2CA7BD}.Release|x86.ActiveCfg = Release|Win32
		{0D034612-14E2-44E7-993A-72344A2CA7BD}.Release|x86.Build.0 = Release|Win32
		{D37F80CC-788F-42DE-8CDE-FB3ADCB37BFF}.Debug|x64.ActiveCfg = Debug|x64
		{D37F80CC-788F-42DE-8CDE-FB3ADCB37BFF}.Debug|x64.Build.0 = Debug|x64
		{D37F80CC-788F-42DE-8CDE-FB3ADCB37BFF}.Debug|x86.ActiveCfg = Debug|Win32
		{D37F80CC-788F-42DE-8CDE-FB3ADCB37BFF}.Debug|x86.Build.0 = Debug|Win32
		{D37F80CC-788F-42DE-8CDE-FB3ADCB37BFF}.Release|x64.ActiveCfg = Release|x64
		{D37F80CC-788F-42DE-8CDE-FB3ADCB37BFF}.Release|x64.Build.0 = Release|x64
		{D37F80CC-788F-42DE-8CDE-FB3ADCB37BFF}.Release|x86.ActiveCfg = Release|Win32
		{D37F80CC-788F-42DE-8CDE-FB3ADCB37BFF}.Release|x86.Build.0 = Release|Win32
		{9D68602C-943E-460C-8CE8-97AEDAD91B28}.Debug|x64.ActiveCfg = Debug|x64
		{9D68602C-943E-460C-8CE8-97AEDAD91B28}.Debug|x64.Build.0 = Debug|x64
		{9D68602C-943E-460C-8CE8-97AEDAD91B28}.Debug|x86.ActiveCfg = Debug|Win32
		{9D68602C-943E-460C-8CE8-97AEDAD91B28}.Debug|x86.Build.0 = Debug|Win32
		{9D68602C-943E-460C-8CE8-97AEDAD91B28}.Release|x64.ActiveCfg = Release|x64
		{9D68602C-943E-460C-8CE8-97AEDAD91B28}.Release|x64.Build.0 = Release|x64
		{9D68602C-943E-460C-8CE8-97AEDAD91B28}.Release|x86.ActiveCfg = Release|Win32
		{9D68602C-943E-460C-8CE8-97AEDAD91B28}.Release|x86.Build.0 = Release|Win32
	EndGlobalSection
	GlobalSection(SolutionProperties) = preSolution
		HideSolutionNode = FALSE
	EndGlobalSection
	GlobalSection(NestedProjects) = preSolution
		{62356065-4409-457F-94A9-B62792F2EE5F} = {E17CDC26-091A-44AB-8E10-8057CE22D14B}
		{8D1B7B58-ABA3-48E8-80B5-E6F068DB35BD} = {B7DD63C8-10B5-4319-B96A-BFA1FC662F1C}
		{4417114D-1C2A-41B3-AF15-92EBE2A6F0B6} = {945B8402-BF7D-4256-9E7F-13B165E91E88}
		{AED66E0A-E5FB-4475-B7CF-6467C38A00DA} = {E17CDC26-091A-44AB-8E10-8057CE22D14B}
		{E0B52AE7-E160-4D32-BF3F-910B785E5A8E} = {47266500-C57E-4995-8455-CE9B6C3FC03E}
		{B3A64266-FC38-47FB-A462-8A94351400C8} = {E17CDC26-091A-44AB-8E10-8057CE22D14B}
		{3629F01A-6FED-42EB-B308-E9F7F1346EAF} = {E17CDC26-091A-44AB-8E10-8057CE22D14B}
		{AF96A97A-EE1F-47FE-9EF0-FA8A023C24A2} = {B7DD63C8-10B5-4319-B96A-BFA1FC662F1C}
		{317F7CD6-1DEE-443B-A62D-912F66BC9C71} = {D85C563C-7238-4146-8E65-D92A1A5D33BC}
		{56CF17B9-41B9-4F63-9F19-7ED3C4F4B8E3} = {B7DD63C8-10B5-4319-B96A-BFA1FC662F1C}
		{97CB4E83-70DB-46A4-B5A4-4737263B820C} = {B7DD63C8-10B5-4319-B96A-BFA1FC662F1C}
		{52D656A2-A2F4-4C54-A3C7-653427BED1E8} = {47266500-C57E-4995-8455-CE9B6C3FC03E}
		{2EA02A25-0C44-4282-BE62-735D910FA003} = {B7DD63C8-10B5-4319-B96A-BFA1FC662F1C}
		{95E36E07-3087-4C3F-A470-AF925F3FBA61} = {B7DD63C8-10B5-4319-B96A-BFA1FC662F1C}
		{2AB8DEB0-5A26-48C5-8B28-0FFD9B565E58} = {0B763641-67CD-4E8A-ACBC-01B78936856D}
		{40DE83B7-AB83-4E68-B993-050B5920CD6D} = {0B763641-67CD-4E8A-ACBC-01B78936856D}
		{501D4BF1-6B2C-4F5E-A2F6-EDD028412588} = {07200871-79A9-4DED-BF83-AE06941436ED}
		{D0FBFC88-F32D-4FD8-ABEA-BB5C51ABA77D} = {0B763641-67CD-4E8A-ACBC-01B78936856D}
		{401C3928-7A32-4070-AA9D-5D36716AF22E} = {0B763641-67CD-4E8A-ACBC-01B78936856D}
		{96EE03C0-5B33-42D0-9C5C-CCA2C7B16907} = {0B763641-67CD-4E8A-ACBC-01B78936856D}
		{E9900080-D257-436B-8C56-0AAEC36E8219} = {0B763641-67CD-4E8A-ACBC-01B78936856D}
		{4C480356-2625-4CA3-B24D-B0C0C4928F0D} = {5ED0B2DB-6269-4BA1-A61F-A369E4D58BB5}
		{6ACDE08D-850D-41DE-8927-80B3A1F19A46} = {5ED0B2DB-6269-4BA1-A61F-A369E4D58BB5}
		{71607831-0328-4945-A130-C27BF216E4AE} = {5ED0B2DB-6269-4BA1-A61F-A369E4D58BB5}
		{516192EB-788A-4FE7-B2B7-2EF9AC036B12} = {47266500-C57E-4995-8455-CE9B6C3FC03E}
		{75CC6C3B-A838-4AA1-8C3A-606332C5AB10} = {E17CDC26-091A-44AB-8E10-8057CE22D14B}
		{FE90F6E9-64A8-44F4-951F-2CBD46A22266} = {5ED0B2DB-6269-4BA1-A61F-A369E4D58BB5}
		{E0B9E17E-2D65-4A34-9126-12A43DDFE3C3} = {5ED0B2DB-6269-4BA1-A61F-A369E4D58BB5}
		{06D01B7E-6A7C-4319-93A0-76DB0B9B0363} = {5ED0B2DB-6269-4BA1-A61F-A369E4D58BB5}
		{432A9F57-8742-4D15-94D1-832ADEC9CE99} = {5ED0B2DB-6269-4BA1-A61F-A369E4D58BB5}
		{78F8E8BA-6FDE-476F-B5FB-EEE87F7EA902} = {E17CDC26-091A-44AB-8E10-8057CE22D14B}
		{4F150A30-CECB-49D1-8283-6A3F57438CF5} = {47266500-C57E-4995-8455-CE9B6C3FC03E}
		{26FBF0DC-82FE-4A1A-BAC2-97D78273C7BC} = {5ED0B2DB-6269-4BA1-A61F-A369E4D58BB5}
		{02EA681E-C7D8-13C7-8484-4AC65E1B71E8} = {D85C563C-7238-4146-8E65-D92A1A5D33BC}
		{F782C4C7-E35C-4857-BD3F-D47F71CA7262} = {EAE7E2E3-E503-40F0-A10D-B9E7D3D3125A}
		{A1DA20B1-D6DE-4248-9140-B3BA60249231} = {EAE7E2E3-E503-40F0-A10D-B9E7D3D3125A}
		{55F5C0CC-C8F5-40A3-A3BB-01733D9B2D7E} = {EAE7E2E3-E503-40F0-A10D-B9E7D3D3125A}
		{8EEC23E4-8BD0-4141-BD54-93F786833F3A} = {EAE7E2E3-E503-40F0-A10D-B9E7D3D3125A}
		{C17048C0-3654-46E4-8CD6-EFD04C9D1F1F} = {02EA681E-C7D8-13C7-8484-4AC65E1B71E8}
		{0D034612-14E2-44E7-993A-72344A2CA7BD} = {47266500-C57E-4995-8455-CE9B6C3FC03E}
		{CAB8F5E2-4B88-4A2B-91A8-EF7FFE5C4814} = {02EA681E-C7D8-13C7-8484-4AC65E1B71E8}
		{D37F80CC-788F-42DE-8CDE-FB3ADCB37BFF} = {EAE7E2E3-E503-40F0-A10D-B9E7D3D3125A}
		{9D68602C-943E-460C-8CE8-97AEDAD91B28} = {EAE7E2E3-E503-40F0-A10D-B9E7D3D3125A}
	EndGlobalSection
	GlobalSection(ExtensibilityGlobals) = postSolution
		SolutionGuid = {61EA143A-8837-46E8-87AD-5FCC28AA5F3F}
	EndGlobalSection
EndGlobal
