<?xml version="1.0" encoding="utf-8"?>
<Project ToolsVersion="4.0" xmlns="http://schemas.microsoft.com/developer/msbuild/2003">
  <ItemGroup>
    <Filter Include="Inc">
      <UniqueIdentifier>{a5aac99d-2de2-42e7-b9a6-b623434b8284}</UniqueIdentifier>
    </Filter>
    <Filter Include="Src">
      <UniqueIdentifier>{788974b0-10bb-43fd-ad26-94d94019c14a}</UniqueIdentifier>
    </Filter>
  </ItemGroup>
  <ItemGroup>
    <ClInclude Include="Inc\Core.h">
      <Filter>Inc</Filter>
    </ClInclude>
    <ClInclude Include="Inc\Common.h">
      <Filter>Inc</Filter>
    </ClInclude>
    <ClInclude Include="Src\Precompiled.h">
      <Filter>Src</Filter>
    </ClInclude>
    <ClInclude Include="Inc\TimeUtil.h">
      <Filter>Inc</Filter>
    </ClInclude>
    <ClInclude Include="Inc\DebugUtil.h">
      <Filter>Inc</Filter>
    </ClInclude>
    <ClInclude Include="Inc\Window.h">
      <Filter>Inc</Filter>
    </ClInclude>
    <ClInclude Include="Inc\WindowMessageHandler.h">
      <Filter>Inc</Filter>
    </ClInclude>
    <ClInclude Include="Inc\BlockAllocator.h">
      <Filter>Inc</Filter>
    </ClInclude>
    <ClInclude Include="Inc\TypeAllocator.h">
      <Filter>Inc</Filter>
    </ClInclude>
  </ItemGroup>
  <ItemGroup>
    <ClCompile Include="Src\Precompiled.cpp">
      <Filter>Src</Filter>
    </ClCompile>
    <ClCompile Include="Src\TimeUtil.cpp">
      <Filter>Src</Filter>
    </ClCompile>
    <ClCompile Include="Src\Window.cpp">
      <Filter>Src</Filter>
    </ClCompile>
    <ClCompile Include="Src\WindowMessageHandler.cpp">
      <Filter>Src</Filter>
    </ClCompile>
    <ClCompile Include="Src\BlockAllocator.cpp">
      <Filter>Src</Filter>
    </ClCompile>
  </ItemGroup>
</Project>